
Microsoft Visual Studio Solution File, Format Version 12.00
# Visual Studio Version 17
VisualStudioVersion = 17.8.34408.163
MinimumVisualStudioVersion = 10.0.40219.1
Project("{FAE04EC0-301F-11D3-BF4B-00C04F79EFBC}") = "Mid_term", "Mid_term\Mid_term.csproj", "{B376C3F0-4C6E-4BCE-B4B7-D6F17B18534C}"
EndProject
Global
	GlobalSection(SolutionConfigurationPlatforms) = preSolution
		Debug|Any CPU = Debug|Any CPU
		Release|Any CPU = Release|Any CPU
	EndGlobalSection
	GlobalSection(ProjectConfigurationPlatforms) = postSolution
		{B376C3F0-4C6E-4BCE-B4B7-D6F17B18534C}.Debug|Any CPU.ActiveCfg = Debug|Any CPU
		{B376C3F0-4C6E-4BCE-B4B7-D6F17B18534C}.Debug|Any CPU.Build.0 = Debug|Any CPU
		{B376C3F0-4C6E-4BCE-B4B7-D6F17B18534C}.Release|Any CPU.ActiveCfg = Release|Any CPU
		{B376C3F0-4C6E-4BCE-B4B7-D6F17B18534C}.Release|Any CPU.Build.0 = Release|Any CPU
	EndGlobalSection
	GlobalSection(SolutionProperties) = preSolution
		HideSolutionNode = FALSE
	EndGlobalSection
	GlobalSection(ExtensibilityGlobals) = postSolution
		SolutionGuid = {1DDBC847-4B19-48D6-8401-A4658789FA14}
	EndGlobalSection
EndGlobal
